
Microsoft Visual Studio Solution File, Format Version 12.00
# Visual Studio Version 16
VisualStudioVersion = 16.0.31729.503
MinimumVisualStudioVersion = 10.0.40219.1
Project("{FAE04EC0-301F-11D3-BF4B-00C04F79EFBC}") = "InternshipApp", "InternshipApp.csproj", "{4459EB86-EA2C-4D37-9EF9-2CC559B035DE}"
EndProject
Global
	GlobalSection(SolutionConfigurationPlatforms) = preSolution
		Debug|Any CPU = Debug|Any CPU
		Release|Any CPU = Release|Any CPU
	EndGlobalSection
	GlobalSection(ProjectConfigurationPlatforms) = postSolution
		{4459EB86-EA2C-4D37-9EF9-2CC559B035DE}.Debug|Any CPU.ActiveCfg = Debug|Any CPU
		{4459EB86-EA2C-4D37-9EF9-2CC559B035DE}.Debug|Any CPU.Build.0 = Debug|Any CPU
		{4459EB86-EA2C-4D37-9EF9-2CC559B035DE}.Release|Any CPU.ActiveCfg = Release|Any CPU
		{4459EB86-EA2C-4D37-9EF9-2CC559B035DE}.Release|Any CPU.Build.0 = Release|Any CPU
	EndGlobalSection
	GlobalSection(SolutionProperties) = preSolution
		HideSolutionNode = FALSE
	EndGlobalSection
	GlobalSection(ExtensibilityGlobals) = postSolution
		SolutionGuid = {5A37CDD9-D915-43C9-B2FF-43905732D1E5}
	EndGlobalSection
EndGlobal
